// !$*UTF8*$!
{
	archiveVersion = 1;
	classes = {
	};
	objectVersion = 46;
	objects = {

/* Begin PBXBuildFile section */
		3DDCF9CB1AD388B60069F393 /* main.m in Sources */ = {isa = PBXBuildFile; fileRef = 3DDCF9CA1AD388B60069F393 /* main.m */; };
		3DDCF9CE1AD388B60069F393 /* AppDelegate.m in Sources */ = {isa = PBXBuildFile; fileRef = 3DDCF9CD1AD388B60069F393 /* AppDelegate.m */; };
		3DDCF9D11AD388B60069F393 /* ViewController.m in Sources */ = {isa = PBXBuildFile; fileRef = 3DDCF9D01AD388B60069F393 /* ViewController.m */; };
		3DDCF9D41AD388B60069F393 /* Main.storyboard in Resources */ = {isa = PBXBuildFile; fileRef = 3DDCF9D21AD388B60069F393 /* Main.storyboard */; };
		3DDCF9D61AD388B60069F393 /* Images.xcassets in Resources */ = {isa = PBXBuildFile; fileRef = 3DDCF9D51AD388B60069F393 /* Images.xcassets */; };
		3DDCF9D91AD388B60069F393 /* LaunchScreen.xib in Resources */ = {isa = PBXBuildFile; fileRef = 3DDCF9D71AD388B60069F393 /* LaunchScreen.xib */; };
		3DDCF9E51AD388B60069F393 /* OnboardTests.m in Sources */ = {isa = PBXBuildFile; fileRef = 3DDCF9E41AD388B60069F393 /* OnboardTests.m */; };
/* End PBXBuildFile section */

/* Begin PBXContainerItemProxy section */
		3DDCF9DF1AD388B60069F393 /* PBXContainerItemProxy */ = {
			isa = PBXContainerItemProxy;
			containerPortal = 3DDCF9BD1AD388B60069F393 /* Project object */;
			proxyType = 1;
			remoteGlobalIDString = 3DDCF9C41AD388B60069F393;
			remoteInfo = Onboard;
		};
/* End PBXContainerItemProxy section */

/* Begin PBXFileReference section */
		3DDCF9C51AD388B60069F393 /* Onboard.app */ = {isa = PBXFileReference; explicitFileType = wrapper.application; includeInIndex = 0; path = Onboard.app; sourceTree = BUILT_PRODUCTS_DIR; };
		3DDCF9C91AD388B60069F393 /* Info.plist */ = {isa = PBXFileReference; lastKnownFileType = text.plist.xml; path = Info.plist; sourceTree = "<group>"; };
		3DDCF9CA1AD388B60069F393 /* main.m */ = {isa = PBXFileReference; lastKnownFileType = sourcecode.c.objc; path = main.m; sourceTree = "<group>"; };
		3DDCF9CC1AD388B60069F393 /* AppDelegate.h */ = {isa = PBXFileReference; lastKnownFileType = sourcecode.c.h; path = AppDelegate.h; sourceTree = "<group>"; };
		3DDCF9CD1AD388B60069F393 /* AppDelegate.m */ = {isa = PBXFileReference; lastKnownFileType = sourcecode.c.objc; path = AppDelegate.m; sourceTree = "<group>"; };
		3DDCF9CF1AD388B60069F393 /* ViewController.h */ = {isa = PBXFileReference; lastKnownFileType = sourcecode.c.h; path = ViewController.h; sourceTree = "<group>"; };
		3DDCF9D01AD388B60069F393 /* ViewController.m */ = {isa = PBXFileReference; lastKnownFileType = sourcecode.c.objc; path = ViewController.m; sourceTree = "<group>"; };
		3DDCF9D31AD388B60069F393 /* Base */ = {isa = PBXFileReference; lastKnownFileType = file.storyboard; name = Base; path = Base.lproj/Main.storyboard; sourceTree = "<group>"; };
		3DDCF9D51AD388B60069F393 /* Images.xcassets */ = {isa = PBXFileReference; lastKnownFileType = folder.assetcatalog; path = Images.xcassets; sourceTree = "<group>"; };
		3DDCF9D81AD388B60069F393 /* Base */ = {isa = PBXFileReference; lastKnownFileType = file.xib; name = Base; path = Base.lproj/LaunchScreen.xib; sourceTree = "<group>"; };
		3DDCF9DE1AD388B60069F393 /* OnboardTests.xctest */ = {isa = PBXFileReference; explicitFileType = wrapper.cfbundle; includeInIndex = 0; path = OnboardTests.xctest; sourceTree = BUILT_PRODUCTS_DIR; };
		3DDCF9E31AD388B60069F393 /* Info.plist */ = {isa = PBXFileReference; lastKnownFileType = text.plist.xml; path = Info.plist; sourceTree = "<group>"; };
		3DDCF9E41AD388B60069F393 /* OnboardTests.m */ = {isa = PBXFileReference; lastKnownFileType = sourcecode.c.objc; path = OnboardTests.m; sourceTree = "<group>"; };
/* End PBXFileReference section */

/* Begin PBXFrameworksBuildPhase section */
		3DDCF9C21AD388B60069F393 /* Frameworks */ = {
			isa = PBXFrameworksBuildPhase;
			buildActionMask = 2147483647;
			files = (
			);
			runOnlyForDeploymentPostprocessing = 0;
		};
		3DDCF9DB1AD388B60069F393 /* Frameworks */ = {
			isa = PBXFrameworksBuildPhase;
			buildActionMask = 2147483647;
			files = (
			);
			runOnlyForDeploymentPostprocessing = 0;
		};
/* End PBXFrameworksBuildPhase section */

/* Begin PBXGroup section */
		3DDCF9BC1AD388B60069F393 = {
			isa = PBXGroup;
			children = (
				3DDCF9C71AD388B60069F393 /* Onboard */,
				3DDCF9E11AD388B60069F393 /* OnboardTests */,
				3DDCF9C61AD388B60069F393 /* Products */,
			);
			sourceTree = "<group>";
		};
		3DDCF9C61AD388B60069F393 /* Products */ = {
			isa = PBXGroup;
			children = (
				3DDCF9C51AD388B60069F393 /* Onboard.app */,
				3DDCF9DE1AD388B60069F393 /* OnboardTests.xctest */,
			);
			name = Products;
			sourceTree = "<group>";
		};
		3DDCF9C71AD388B60069F393 /* Onboard */ = {
			isa = PBXGroup;
			children = (
				3DDCF9CC1AD388B60069F393 /* AppDelegate.h */,
				3DDCF9CD1AD388B60069F393 /* AppDelegate.m */,
				3DDCF9CF1AD388B60069F393 /* ViewController.h */,
				3DDCF9D01AD388B60069F393 /* ViewController.m */,
				3DDCF9D21AD388B60069F393 /* Main.storyboard */,
				3DDCF9D51AD388B60069F393 /* Images.xcassets */,
				3DDCF9D71AD388B60069F393 /* LaunchScreen.xib */,
				3DDCF9C81AD388B60069F393 /* Supporting Files */,
			);
			path = Onboard;
			sourceTree = "<group>";
		};
		3DDCF9C81AD388B60069F393 /* Supporting Files */ = {
			isa = PBXGroup;
			children = (
				3DDCF9C91AD388B60069F393 /* Info.plist */,
				3DDCF9CA1AD388B60069F393 /* main.m */,
			);
			name = "Supporting Files";
			sourceTree = "<group>";
		};
		3DDCF9E11AD388B60069F393 /* OnboardTests */ = {
			isa = PBXGroup;
			children = (
				3DDCF9E41AD388B60069F393 /* OnboardTests.m */,
				3DDCF9E21AD388B60069F393 /* Supporting Files */,
			);
			path = OnboardTests;
			sourceTree = "<group>";
		};
		3DDCF9E21AD388B60069F393 /* Supporting Files */ = {
			isa = PBXGroup;
			children = (
				3DDCF9E31AD388B60069F393 /* Info.plist */,
			);
			name = "Supporting Files";
			sourceTree = "<group>";
		};
/* End PBXGroup section */

/* Begin PBXNativeTarget section */
		3DDCF9C41AD388B60069F393 /* Onboard */ = {
			isa = PBXNativeTarget;
			buildConfigurationList = 3DDCF9E81AD388B60069F393 /* Build configuration list for PBXNativeTarget "Onboard" */;
			buildPhases = (
				3DDCF9C11AD388B60069F393 /* Sources */,
				3DDCF9C21AD388B60069F393 /* Frameworks */,
				3DDCF9C31AD388B60069F393 /* Resources */,
			);
			buildRules = (
			);
			dependencies = (
			);
			name = Onboard;
			productName = Onboard;
			productReference = 3DDCF9C51AD388B60069F393 /* Onboard.app */;
			productType = "com.apple.product-type.application";
		};
		3DDCF9DD1AD388B60069F393 /* OnboardTests */ = {
			isa = PBXNativeTarget;
			buildConfigurationList = 3DDCF9EB1AD388B60069F393 /* Build configuration list for PBXNativeTarget "OnboardTests" */;
			buildPhases = (
				3DDCF9DA1AD388B60069F393 /* Sources */,
				3DDCF9DB1AD388B60069F393 /* Frameworks */,
				3DDCF9DC1AD388B60069F393 /* Resources */,
			);
			buildRules = (
			);
			dependencies = (
				3DDCF9E01AD388B60069F393 /* PBXTargetDependency */,
			);
			name = OnboardTests;
			productName = OnboardTests;
			productReference = 3DDCF9DE1AD388B60069F393 /* OnboardTests.xctest */;
			productType = "com.apple.product-type.bundle.unit-test";
		};
/* End PBXNativeTarget section */

/* Begin PBXProject section */
		3DDCF9BD1AD388B60069F393 /* Project object */ = {
			isa = PBXProject;
			attributes = {
				LastUpgradeCheck = 0620;
				ORGANIZATIONNAME = "Sai Kiran Gandham";
				TargetAttributes = {
					3DDCF9C41AD388B60069F393 = {
						CreatedOnToolsVersion = 6.2;
					};
					3DDCF9DD1AD388B60069F393 = {
						CreatedOnToolsVersion = 6.2;
						TestTargetID = 3DDCF9C41AD388B60069F393;
					};
				};
			};
			buildConfigurationList = 3DDCF9C01AD388B60069F393 /* Build configuration list for PBXProject "Onboard" */;
			compatibilityVersion = "Xcode 3.2";
			developmentRegion = English;
			hasScannedForEncodings = 0;
			knownRegions = (
				en,
				Base,
			);
			mainGroup = 3DDCF9BC1AD388B60069F393;
			productRefGroup = 3DDCF9C61AD388B60069F393 /* Products */;
			projectDirPath = "";
			projectRoot = "";
			targets = (
				3DDCF9C41AD388B60069F393 /* Onboard */,
				3DDCF9DD1AD388B60069F393 /* OnboardTests */,
			);
		};
/* End PBXProject section */

/* Begin PBXResourcesBuildPhase section */
		3DDCF9C31AD388B60069F393 /* Resources */ = {
			isa = PBXResourcesBuildPhase;
			buildActionMask = 2147483647;
			files = (
				3DDCF9D41AD388B60069F393 /* Main.storyboard in Resources */,
				3DDCF9D91AD388B60069F393 /* LaunchScreen.xib in Resources */,
				3DDCF9D61AD388B60069F393 /* Images.xcassets in Resources */,
			);
			runOnlyForDeploymentPostprocessing = 0;
		};
		3DDCF9DC1AD388B60069F393 /* Resources */ = {
			isa = PBXResourcesBuildPhase;
			buildActionMask = 2147483647;
			files = (
			);
			runOnlyForDeploymentPostprocessing = 0;
		};
/* End PBXResourcesBuildPhase section */

/* Begin PBXSourcesBuildPhase section */
		3DDCF9C11AD388B60069F393 /* Sources */ = {
			isa = PBXSourcesBuildPhase;
			buildActionMask = 2147483647;
			files = (
				3DDCF9D11AD388B60069F393 /* ViewController.m in Sources */,
				3DDCF9CE1AD388B60069F393 /* AppDelegate.m in Sources */,
				3DDCF9CB1AD388B60069F393 /* main.m in Sources */,
			);
			runOnlyForDeploymentPostprocessing = 0;
		};
		3DDCF9DA1AD388B60069F393 /* Sources */ = {
			isa = PBXSourcesBuildPhase;
			buildActionMask = 2147483647;
			files = (
				3DDCF9E51AD388B60069F393 /* OnboardTests.m in Sources */,
			);
			runOnlyForDeploymentPostprocessing = 0;
		};
/* End PBXSourcesBuildPhase section */

/* Begin PBXTargetDependency section */
		3DDCF9E01AD388B60069F393 /* PBXTargetDependency */ = {
			isa = PBXTargetDependency;
			target = 3DDCF9C41AD388B60069F393 /* Onboard */;
			targetProxy = 3DDCF9DF1AD388B60069F393 /* PBXContainerItemProxy */;
		};
/* End PBXTargetDependency section */

/* Begin PBXVariantGroup section */
		3DDCF9D21AD388B60069F393 /* Main.storyboard */ = {
			isa = PBXVariantGroup;
			children = (
				3DDCF9D31AD388B60069F393 /* Base */,
			);
			name = Main.storyboard;
			sourceTree = "<group>";
		};
		3DDCF9D71AD388B60069F393 /* LaunchScreen.xib */ = {
			isa = PBXVariantGroup;
			children = (
				3DDCF9D81AD388B60069F393 /* Base */,
			);
			name = LaunchScreen.xib;
			sourceTree = "<group>";
		};
/* End PBXVariantGroup section */

/* Begin XCBuildConfiguration section */
		3DDCF9E61AD388B60069F393 /* Debug */ = {
			isa = XCBuildConfiguration;
			buildSettings = {
				ALWAYS_SEARCH_USER_PATHS = NO;
				CLANG_CXX_LANGUAGE_STANDARD = "gnu++0x";
				CLANG_CXX_LIBRARY = "libc++";
				CLANG_ENABLE_MODULES = YES;
				CLANG_ENABLE_OBJC_ARC = YES;
				CLANG_WARN_BOOL_CONVERSION = YES;
				CLANG_WARN_CONSTANT_CONVERSION = YES;
				CLANG_WARN_DIRECT_OBJC_ISA_USAGE = YES_ERROR;
				CLANG_WARN_EMPTY_BODY = YES;
				CLANG_WARN_ENUM_CONVERSION = YES;
				CLANG_WARN_INT_CONVERSION = YES;
				CLANG_WARN_OBJC_ROOT_CLASS = YES_ERROR;
				CLANG_WARN_UNREACHABLE_CODE = YES;
				CLANG_WARN__DUPLICATE_METHOD_MATCH = YES;
				"CODE_SIGN_IDENTITY[sdk=iphoneos*]" = "iPhone Developer";
				COPY_PHASE_STRIP = NO;
				ENABLE_STRICT_OBJC_MSGSEND = YES;
				GCC_C_LANGUAGE_STANDARD = gnu99;
				GCC_DYNAMIC_NO_PIC = NO;
				GCC_OPTIMIZATION_LEVEL = 0;
				GCC_PREPROCESSOR_DEFINITIONS = (
					"DEBUG=1",
					"$(inherited)",
				);
				GCC_SYMBOLS_PRIVATE_EXTERN = NO;
				GCC_WARN_64_TO_32_BIT_CONVERSION = YES;
				GCC_WARN_ABOUT_RETURN_TYPE = YES_ERROR;
				GCC_WARN_UNDECLARED_SELECTOR = YES;
				GCC_WARN_UNINITIALIZED_AUTOS = YES_AGGRESSIVE;
				GCC_WARN_UNUSED_FUNCTION = YES;
				GCC_WARN_UNUSED_VARIABLE = YES;
				IPHONEOS_DEPLOYMENT_TARGET = 8.2;
				MTL_ENABLE_DEBUG_INFO = YES;
				ONLY_ACTIVE_ARCH = YES;
				SDKROOT = iphoneos;
				TARGETED_DEVICE_FAMILY = "1,2";
			};
			name = Debug;
		};
		3DDCF9E71AD388B60069F393 /* Release */ = {
			isa = XCBuildConfiguration;
			buildSettings = {
				ALWAYS_SEARCH_USER_PATHS = NO;
				CLANG_CXX_LANGUAGE_STANDARD = "gnu++0x";
				CLANG_CXX_LIBRARY = "libc++";
				CLANG_ENABLE_MODULES = YES;
				CLANG_ENABLE_OBJC_ARC = YES;
				CLANG_WARN_BOOL_CONVERSION = YES;
				CLANG_WARN_CONSTANT_CONVERSION = YES;
				CLANG_WARN_DIRECT_OBJC_ISA_USAGE = YES_ERROR;
				CLANG_WARN_EMPTY_BODY = YES;
				CLANG_WARN_ENUM_CONVERSION = YES;
				CLANG_WARN_INT_CONVERSION = YES;
				CLANG_WARN_OBJC_ROOT_CLASS = YES_ERROR;
				CLANG_WARN_UNREACHABLE_CODE = YES;
				CLANG_WARN__DUPLICATE_METHOD_MATCH = YES;
				"CODE_SIGN_IDENTITY[sdk=iphoneos*]" = "iPhone Developer";
				COPY_PHASE_STRIP = NO;
				ENABLE_NS_ASSERTIONS = NO;
				ENABLE_STRICT_OBJC_MSGSEND = YES;
				GCC_C_LANGUAGE_STANDARD = gnu99;
				GCC_WARN_64_TO_32_BIT_CONVERSION = YES;
				GCC_WARN_ABOUT_RETURN_TYPE = YES_ERROR;
				GCC_WARN_UNDECLARED_SELECTOR = YES;
				GCC_WARN_UNINITIALIZED_AUTOS = YES_AGGRESSIVE;
				GCC_WARN_UNUSED_FUNCTION = YES;
				GCC_WARN_UNUSED_VARIABLE = YES;
				IPHONEOS_DEPLOYMENT_TARGET = 8.2;
				MTL_ENABLE_DEBUG_INFO = NO;
				SDKROOT = iphoneos;
				TARGETED_DEVICE_FAMILY = "1,2";
				VALIDATE_PRODUCT = YES;
			};
			name = Release;
		};
		3DDCF9E91AD388B60069F393 /* Debug */ = {
			isa = XCBuildConfiguration;
			buildSettings = {
				ASSETCATALOG_COMPILER_APPICON_NAME = AppIcon;
				INFOPLIST_FILE = Onboard/Info.plist;
				LD_RUNPATH_SEARCH_PATHS = "$(inherited) @executable_path/Frameworks";
				PRODUCT_NAME = "$(TARGET_NAME)";
			};
			name = Debug;
		};
		3DDCF9EA1AD388B60069F393 /* Release */ = {
			isa = XCBuildConfiguration;
			buildSettings = {
				ASSETCATALOG_COMPILER_APPICON_NAME = AppIcon;
				INFOPLIST_FILE = Onboard/Info.plist;
				LD_RUNPATH_SEARCH_PATHS = "$(inherited) @executable_path/Frameworks";
				PRODUCT_NAME = "$(TARGET_NAME)";
			};
			name = Release;
		};
		3DDCF9EC1AD388B60069F393 /* Debug */ = {
			isa = XCBuildConfiguration;
			buildSettings = {
				BUNDLE_LOADER = "$(TEST_HOST)";
				FRAMEWORK_SEARCH_PATHS = (
					"$(SDKROOT)/Developer/Library/Frameworks",
					"$(inherited)",
				);
				GCC_PREPROCESSOR_DEFINITIONS = (
					"DEBUG=1",
					"$(inherited)",
				);
				INFOPLIST_FILE = OnboardTests/Info.plist;
				LD_RUNPATH_SEARCH_PATHS = "$(inherited) @executable_path/Frameworks @loader_path/Frameworks";
				PRODUCT_NAME = "$(TARGET_NAME)";
				TEST_HOST = "$(BUILT_PRODUCTS_DIR)/Onboard.app/Onboard";
			};
			name = Debug;
		};
		3DDCF9ED1AD388B60069F393 /* Release */ = {
			isa = XCBuildConfiguration;
			buildSettings = {
				BUNDLE_LOADER = "$(TEST_HOST)";
				FRAMEWORK_SEARCH_PATHS = (
					"$(SDKROOT)/Developer/Library/Frameworks",
					"$(inherited)",
				);
				INFOPLIST_FILE = OnboardTests/Info.plist;
				LD_RUNPATH_SEARCH_PATHS = "$(inherited) @executable_path/Frameworks @loader_path/Frameworks";
				PRODUCT_NAME = "$(TARGET_NAME)";
				TEST_HOST = "$(BUILT_PRODUCTS_DIR)/Onboard.app/Onboard";
			};
			name = Release;
		};
/* End XCBuildConfiguration section */

/* Begin XCConfigurationList section */
		3DDCF9C01AD388B60069F393 /* Build configuration list for PBXProject "Onboard" */ = {
			isa = XCConfigurationList;
			buildConfigurations = (
				3DDCF9E61AD388B60069F393 /* Debug */,
				3DDCF9E71AD388B60069F393 /* Release */,
			);
			defaultConfigurationIsVisible = 0;
			defaultConfigurationName = Release;
		};
		3DDCF9E81AD388B60069F393 /* Build configuration list for PBXNativeTarget "Onboard" */ = {
			isa = XCConfigurationList;
			buildConfigurations = (
				3DDCF9E91AD388B60069F393 /* Debug */,
				3DDCF9EA1AD388B60069F393 /* Release */,
			);
			defaultConfigurationIsVisible = 0;
		};
		3DDCF9EB1AD388B60069F393 /* Build configuration list for PBXNativeTarget "OnboardTests" */ = {
			isa = XCConfigurationList;
			buildConfigurations = (
				3DDCF9EC1AD388B60069F393 /* Debug */,
				3DDCF9ED1AD388B60069F393 /* Release */,
			);
			defaultConfigurationIsVisible = 0;
		};
/* End XCConfigurationList section */
	};
	rootObject = 3DDCF9BD1AD388B60069F393 /* Project object */;
}
